
Microsoft Visual Studio Solution File, Format Version 12.00
# Visual Studio Version 16
VisualStudioVersion = 16.0.29411.108
MinimumVisualStudioVersion = 10.0.40219.1
Project("{9A19103F-16F7-4668-BE54-9A1E7A4F7556}") = "ShapeUp", "ShapeUp\ShapeUp.csproj", "{5F08608C-84EF-43E3-8AE6-0536A727965B}"
EndProject
Project("{9A19103F-16F7-4668-BE54-9A1E7A4F7556}") = "ShapeUp.Model", "ShapeUp.Model\ShapeUp.Model.csproj", "{77A8CB88-C7C6-4DD7-A4F8-BCCF8636E904}"
EndProject
Global
	GlobalSection(SolutionConfigurationPlatforms) = preSolution
		Debug|Any CPU = Debug|Any CPU
		Release|Any CPU = Release|Any CPU
	EndGlobalSection
	GlobalSection(ProjectConfigurationPlatforms) = postSolution
		{5F08608C-84EF-43E3-8AE6-0536A727965B}.Debug|Any CPU.ActiveCfg = Debug|Any CPU
		{5F08608C-84EF-43E3-8AE6-0536A727965B}.Debug|Any CPU.Build.0 = Debug|Any CPU
		{5F08608C-84EF-43E3-8AE6-0536A727965B}.Release|Any CPU.ActiveCfg = Release|Any CPU
		{5F08608C-84EF-43E3-8AE6-0536A727965B}.Release|Any CPU.Build.0 = Release|Any CPU
		{77A8CB88-C7C6-4DD7-A4F8-BCCF8636E904}.Debug|Any CPU.ActiveCfg = Debug|Any CPU
		{77A8CB88-C7C6-4DD7-A4F8-BCCF8636E904}.Debug|Any CPU.Build.0 = Debug|Any CPU
		{77A8CB88-C7C6-4DD7-A4F8-BCCF8636E904}.Release|Any CPU.ActiveCfg = Release|Any CPU
		{77A8CB88-C7C6-4DD7-A4F8-BCCF8636E904}.Release|Any CPU.Build.0 = Release|Any CPU
	EndGlobalSection
	GlobalSection(SolutionProperties) = preSolution
		HideSolutionNode = FALSE
	EndGlobalSection
	GlobalSection(ExtensibilityGlobals) = postSolution
		SolutionGuid = {05CCA763-913B-4E7B-859C-AB715A8EFC9B}
	EndGlobalSection
EndGlobal
